{
  "name": "assets",
  "lockfileVersion": 3,
  "requires": true,
  "packages": {
    "": {
      "dependencies": {
        "inter-ui": "^4.0.2"
      }
    },
    "node_modules/inter-ui": {
      "version": "4.0.2",
      "resolved": "https://registry.npmjs.org/inter-ui/-/inter-ui-4.0.2.tgz",
      "integrity": "sha512-YmfzwEtzuVzEenQwSB/tmmqi/A0a2GnFk4mG4ZFULXiO5DNk0fJWiO3o9i1sdVKuMVGx9iiNQnCq8ghWZJVVHw==",
      "license": "OFL-1.1",
      "engines": {
        "node": ">=16.0.0"
      }
    }
  }
}
